
Microsoft Visual Studio Solution File, Format Version 12.00
# Visual Studio 2012
Project("{FAE04EC0-301F-11D3-BF4B-00C04F79EFBC}") = "Parser", "Parser\Parser.csproj", "{C9D79DB6-72B8-461A-B725-8FEE1DC05EB6}"
EndProject
Project("{FAE04EC0-301F-11D3-BF4B-00C04F79EFBC}") = "Camera", "Camera\Camera.csproj", "{C7BC83D8-DDFF-4B93-B747-22C8C2CCD812}"
EndProject
Project("{FAE04EC0-301F-11D3-BF4B-00C04F79EFBC}") = "Tester", "Tester\Tester.csproj", "{872C77F5-1164-4F03-8972-29D9D5582A3B}"
EndProject
Project("{FAE04EC0-301F-11D3-BF4B-00C04F79EFBC}") = "MockTester", "Parser\MockTester\MockTester.csproj", "{F08E2CF6-88D3-4024-80D7-FB525F76E445}"
EndProject
Project("{FAE04EC0-301F-11D3-BF4B-00C04F79EFBC}") = "ImageChecker", "Parser\ImageChecker\ImageChecker.csproj", "{B674234B-A753-4956-A5BC-0DC053D57915}"
EndProject
Project("{FAE04EC0-301F-11D3-BF4B-00C04F79EFBC}") = "ImageVisualizer", "ImageVisualizer\ImageVisualizer.csproj", "{3AF7E3B7-7ED1-4F0D-9426-58150F6697F8}"
EndProject
Global
	GlobalSection(SolutionConfigurationPlatforms) = preSolution
		Debug|Any CPU = Debug|Any CPU
		Release|Any CPU = Release|Any CPU
	EndGlobalSection
	GlobalSection(ProjectConfigurationPlatforms) = postSolution
		{C9D79DB6-72B8-461A-B725-8FEE1DC05EB6}.Debug|Any CPU.ActiveCfg = Debug|Any CPU
		{C9D79DB6-72B8-461A-B725-8FEE1DC05EB6}.Debug|Any CPU.Build.0 = Debug|Any CPU
		{C9D79DB6-72B8-461A-B725-8FEE1DC05EB6}.Release|Any CPU.ActiveCfg = Release|Any CPU
		{C9D79DB6-72B8-461A-B725-8FEE1DC05EB6}.Release|Any CPU.Build.0 = Release|Any CPU
		{C7BC83D8-DDFF-4B93-B747-22C8C2CCD812}.Debug|Any CPU.ActiveCfg = Debug|Any CPU
		{C7BC83D8-DDFF-4B93-B747-22C8C2CCD812}.Debug|Any CPU.Build.0 = Debug|Any CPU
		{C7BC83D8-DDFF-4B93-B747-22C8C2CCD812}.Release|Any CPU.ActiveCfg = Release|Any CPU
		{C7BC83D8-DDFF-4B93-B747-22C8C2CCD812}.Release|Any CPU.Build.0 = Release|Any CPU
		{872C77F5-1164-4F03-8972-29D9D5582A3B}.Debug|Any CPU.ActiveCfg = Debug|Any CPU
		{872C77F5-1164-4F03-8972-29D9D5582A3B}.Debug|Any CPU.Build.0 = Debug|Any CPU
		{872C77F5-1164-4F03-8972-29D9D5582A3B}.Release|Any CPU.ActiveCfg = Release|Any CPU
		{872C77F5-1164-4F03-8972-29D9D5582A3B}.Release|Any CPU.Build.0 = Release|Any CPU
		{F08E2CF6-88D3-4024-80D7-FB525F76E445}.Debug|Any CPU.ActiveCfg = Debug|Any CPU
		{F08E2CF6-88D3-4024-80D7-FB525F76E445}.Debug|Any CPU.Build.0 = Debug|Any CPU
		{F08E2CF6-88D3-4024-80D7-FB525F76E445}.Release|Any CPU.ActiveCfg = Release|Any CPU
		{F08E2CF6-88D3-4024-80D7-FB525F76E445}.Release|Any CPU.Build.0 = Release|Any CPU
		{B674234B-A753-4956-A5BC-0DC053D57915}.Debug|Any CPU.ActiveCfg = Debug|Any CPU
		{B674234B-A753-4956-A5BC-0DC053D57915}.Debug|Any CPU.Build.0 = Debug|Any CPU
		{B674234B-A753-4956-A5BC-0DC053D57915}.Release|Any CPU.ActiveCfg = Release|Any CPU
		{B674234B-A753-4956-A5BC-0DC053D57915}.Release|Any CPU.Build.0 = Release|Any CPU
		{3AF7E3B7-7ED1-4F0D-9426-58150F6697F8}.Debug|Any CPU.ActiveCfg = Debug|Any CPU
		{3AF7E3B7-7ED1-4F0D-9426-58150F6697F8}.Debug|Any CPU.Build.0 = Debug|Any CPU
		{3AF7E3B7-7ED1-4F0D-9426-58150F6697F8}.Release|Any CPU.ActiveCfg = Release|Any CPU
		{3AF7E3B7-7ED1-4F0D-9426-58150F6697F8}.Release|Any CPU.Build.0 = Release|Any CPU
	EndGlobalSection
	GlobalSection(SolutionProperties) = preSolution
		HideSolutionNode = FALSE
	EndGlobalSection
EndGlobal
